
Microsoft Visual Studio Solution File, Format Version 12.00
# Visual Studio Version 17
VisualStudioVersion = 17.3.32811.315
MinimumVisualStudioVersion = 10.0.40219.1
Project("{FAE04EC0-301F-11D3-BF4B-00C04F79EFBC}") = "03_VirtualMethod", "03_VirtualMethod\03_VirtualMethod.csproj", "{6B61AE5F-92BC-477D-9EFA-485B631D6706}"
EndProject
Global
	GlobalSection(SolutionConfigurationPlatforms) = preSolution
		Debug|Any CPU = Debug|Any CPU
		Release|Any CPU = Release|Any CPU
	EndGlobalSection
	GlobalSection(ProjectConfigurationPlatforms) = postSolution
		{6B61AE5F-92BC-477D-9EFA-485B631D6706}.Debug|Any CPU.ActiveCfg = Debug|Any CPU
		{6B61AE5F-92BC-477D-9EFA-485B631D6706}.Debug|Any CPU.Build.0 = Debug|Any CPU
		{6B61AE5F-92BC-477D-9EFA-485B631D6706}.Release|Any CPU.ActiveCfg = Release|Any CPU
		{6B61AE5F-92BC-477D-9EFA-485B631D6706}.Release|Any CPU.Build.0 = Release|Any CPU
	EndGlobalSection
	GlobalSection(SolutionProperties) = preSolution
		HideSolutionNode = FALSE
	EndGlobalSection
	GlobalSection(ExtensibilityGlobals) = postSolution
		SolutionGuid = {4FE0E314-09BE-48BF-9DD4-629DFD6E8A62}
	EndGlobalSection
EndGlobal
