
Microsoft Visual Studio Solution File, Format Version 12.00
# Visual Studio Version 17
VisualStudioVersion = 17.3.32811.315
MinimumVisualStudioVersion = 10.0.40219.1
Project("{FAE04EC0-301F-11D3-BF4B-00C04F79EFBC}") = "31_ThreadPool", "31_ThreadPool\31_ThreadPool.csproj", "{E4FBCD26-893F-4C9A-AE25-A104BC3B27B7}"
EndProject
Global
	GlobalSection(SolutionConfigurationPlatforms) = preSolution
		Debug|Any CPU = Debug|Any CPU
		Release|Any CPU = Release|Any CPU
	EndGlobalSection
	GlobalSection(ProjectConfigurationPlatforms) = postSolution
		{E4FBCD26-893F-4C9A-AE25-A104BC3B27B7}.Debug|Any CPU.ActiveCfg = Debug|Any CPU
		{E4FBCD26-893F-4C9A-AE25-A104BC3B27B7}.Debug|Any CPU.Build.0 = Debug|Any CPU
		{E4FBCD26-893F-4C9A-AE25-A104BC3B27B7}.Release|Any CPU.ActiveCfg = Release|Any CPU
		{E4FBCD26-893F-4C9A-AE25-A104BC3B27B7}.Release|Any CPU.Build.0 = Release|Any CPU
	EndGlobalSection
	GlobalSection(SolutionProperties) = preSolution
		HideSolutionNode = FALSE
	EndGlobalSection
	GlobalSection(ExtensibilityGlobals) = postSolution
		SolutionGuid = {9B4FB1CF-B070-4790-AF75-064F00F4BB87}
	EndGlobalSection
EndGlobal
