
Microsoft Visual Studio Solution File, Format Version 12.00
# Visual Studio Version 17
VisualStudioVersion = 17.3.32811.315
MinimumVisualStudioVersion = 10.0.40219.1
Project("{FAE04EC0-301F-11D3-BF4B-00C04F79EFBC}") = "25_AttributeUseCase3", "25_AttributeUseCase3\25_AttributeUseCase3.csproj", "{1826326F-AD01-40A1-8DB0-00E7725AFC55}"
EndProject
Global
	GlobalSection(SolutionConfigurationPlatforms) = preSolution
		Debug|Any CPU = Debug|Any CPU
		Release|Any CPU = Release|Any CPU
	EndGlobalSection
	GlobalSection(ProjectConfigurationPlatforms) = postSolution
		{1826326F-AD01-40A1-8DB0-00E7725AFC55}.Debug|Any CPU.ActiveCfg = Debug|Any CPU
		{1826326F-AD01-40A1-8DB0-00E7725AFC55}.Debug|Any CPU.Build.0 = Debug|Any CPU
		{1826326F-AD01-40A1-8DB0-00E7725AFC55}.Release|Any CPU.ActiveCfg = Release|Any CPU
		{1826326F-AD01-40A1-8DB0-00E7725AFC55}.Release|Any CPU.Build.0 = Release|Any CPU
	EndGlobalSection
	GlobalSection(SolutionProperties) = preSolution
		HideSolutionNode = FALSE
	EndGlobalSection
	GlobalSection(ExtensibilityGlobals) = postSolution
		SolutionGuid = {9987D302-D10D-4A07-8E5C-1CDDAE2FD6FA}
	EndGlobalSection
EndGlobal
