
Microsoft Visual Studio Solution File, Format Version 12.00
# Visual Studio Version 17
VisualStudioVersion = 17.3.32811.315
MinimumVisualStudioVersion = 10.0.40219.1
Project("{FAE04EC0-301F-11D3-BF4B-00C04F79EFBC}") = "11-GenericCovarianceAndContravariance", "11-GenericCovarianceAndContravariance\11-GenericCovarianceAndContravariance.csproj", "{1D34B43C-45FF-4C48-994D-0B28E1DCCCC6}"
EndProject
Global
	GlobalSection(SolutionConfigurationPlatforms) = preSolution
		Debug|Any CPU = Debug|Any CPU
		Release|Any CPU = Release|Any CPU
	EndGlobalSection
	GlobalSection(ProjectConfigurationPlatforms) = postSolution
		{1D34B43C-45FF-4C48-994D-0B28E1DCCCC6}.Debug|Any CPU.ActiveCfg = Debug|Any CPU
		{1D34B43C-45FF-4C48-994D-0B28E1DCCCC6}.Debug|Any CPU.Build.0 = Debug|Any CPU
		{1D34B43C-45FF-4C48-994D-0B28E1DCCCC6}.Release|Any CPU.ActiveCfg = Release|Any CPU
		{1D34B43C-45FF-4C48-994D-0B28E1DCCCC6}.Release|Any CPU.Build.0 = Release|Any CPU
	EndGlobalSection
	GlobalSection(SolutionProperties) = preSolution
		HideSolutionNode = FALSE
	EndGlobalSection
	GlobalSection(ExtensibilityGlobals) = postSolution
		SolutionGuid = {3AE990A2-B9A4-431F-BAD1-3EB42FD4499E}
	EndGlobalSection
EndGlobal
