
Microsoft Visual Studio Solution File, Format Version 12.00
# Visual Studio Version 17
VisualStudioVersion = 17.3.32811.315
MinimumVisualStudioVersion = 10.0.40219.1
Project("{FAE04EC0-301F-11D3-BF4B-00C04F79EFBC}") = "27_FirstVsFirstOrDefault", "27_FirstVsFirstOrDefault\27_FirstVsFirstOrDefault.csproj", "{721C0D29-B446-449A-B1E4-9A4DD16C792A}"
EndProject
Global
	GlobalSection(SolutionConfigurationPlatforms) = preSolution
		Debug|Any CPU = Debug|Any CPU
		Release|Any CPU = Release|Any CPU
	EndGlobalSection
	GlobalSection(ProjectConfigurationPlatforms) = postSolution
		{721C0D29-B446-449A-B1E4-9A4DD16C792A}.Debug|Any CPU.ActiveCfg = Debug|Any CPU
		{721C0D29-B446-449A-B1E4-9A4DD16C792A}.Debug|Any CPU.Build.0 = Debug|Any CPU
		{721C0D29-B446-449A-B1E4-9A4DD16C792A}.Release|Any CPU.ActiveCfg = Release|Any CPU
		{721C0D29-B446-449A-B1E4-9A4DD16C792A}.Release|Any CPU.Build.0 = Release|Any CPU
	EndGlobalSection
	GlobalSection(SolutionProperties) = preSolution
		HideSolutionNode = FALSE
	EndGlobalSection
	GlobalSection(ExtensibilityGlobals) = postSolution
		SolutionGuid = {A3AA0FF2-2260-4872-A2AE-B631E6F50EA2}
	EndGlobalSection
EndGlobal
