
Microsoft Visual Studio Solution File, Format Version 12.00
# Visual Studio Version 17
VisualStudioVersion = 17.3.32811.315
MinimumVisualStudioVersion = 10.0.40219.1
Project("{FAE04EC0-301F-11D3-BF4B-00C04F79EFBC}") = "07-Dictionary", "07-Dictionary\07-Dictionary.csproj", "{87F0B33F-2ECF-4E1C-B515-540408F34C02}"
EndProject
Global
	GlobalSection(SolutionConfigurationPlatforms) = preSolution
		Debug|Any CPU = Debug|Any CPU
		Release|Any CPU = Release|Any CPU
	EndGlobalSection
	GlobalSection(ProjectConfigurationPlatforms) = postSolution
		{87F0B33F-2ECF-4E1C-B515-540408F34C02}.Debug|Any CPU.ActiveCfg = Debug|Any CPU
		{87F0B33F-2ECF-4E1C-B515-540408F34C02}.Debug|Any CPU.Build.0 = Debug|Any CPU
		{87F0B33F-2ECF-4E1C-B515-540408F34C02}.Release|Any CPU.ActiveCfg = Release|Any CPU
		{87F0B33F-2ECF-4E1C-B515-540408F34C02}.Release|Any CPU.Build.0 = Release|Any CPU
	EndGlobalSection
	GlobalSection(SolutionProperties) = preSolution
		HideSolutionNode = FALSE
	EndGlobalSection
	GlobalSection(ExtensibilityGlobals) = postSolution
		SolutionGuid = {CA5CF294-D257-4014-BD97-3E08654ECAA9}
	EndGlobalSection
EndGlobal
